# THIS IS AN AUTOGENERATED FILE. DO NOT EDIT THIS FILE DIRECTLY.
# yarn lockfile v1


"@pkgr/core@^0.2.9":
  version "0.2.9"
  resolved "https://registry.yarnpkg.com/@pkgr/core/-/core-0.2.9.tgz#d229a7b7f9dac167a156992ef23c7f023653f53b"
  integrity sha512-QNqXyfVS2wm9hweSYD2O7F0G06uurj9kZ96TRQE5Y9hU7+tgdZwIkbAKc5Ocy1HxEY2kuDQa6cQ1WRs/O5LFKA==

eslint-config-prettier@^10.1.8:
  version "10.1.8"
  resolved "https://registry.yarnpkg.com/eslint-config-prettier/-/eslint-config-prettier-10.1.8.tgz#15734ce4af8c2778cc32f0b01b37b0b5cd1ecb97"
  integrity sha512-82GZUjRS0p/jganf6q1rEO25VSoHH0hKPCTrgillPjdI/3bgBhAE1QzHrHTizjpRvy6pGAvKjDJtk2pF9NDq8w==

eslint-plugin-prettier@^5.5.5:
  version "5.5.5"
  resolved "https://registry.yarnpkg.com/eslint-plugin-prettier/-/eslint-plugin-prettier-5.5.5.tgz#9eae11593faa108859c26f9a9c367d619a0769c0"
  integrity sha512-hscXkbqUZ2sPithAuLm5MXL+Wph+U7wHngPBv9OMWwlP8iaflyxpjTYZkmdgB4/vPIhemRlBEoLrH7UC1n7aUw==
  dependencies:
    prettier-linter-helpers "^1.0.1"
    synckit "^0.11.12"

fast-diff@^1.1.2:
  version "1.3.0"
  resolved "https://registry.yarnpkg.com/fast-diff/-/fast-diff-1.3.0.tgz#ece407fa550a64d638536cd727e129c61616e0f0"
  integrity sha512-VxPP4NqbUjj6MaAOafWeUn2cXWLcCtljklUtZf0Ind4XQ+QPtmA0b18zZy0jIQx+ExRVCR/ZQpBmik5lXshNsw==

prettier-linter-helpers@^1.0.1:
  version "1.0.1"
  resolved "https://registry.yarnpkg.com/prettier-linter-helpers/-/prettier-linter-helpers-1.0.1.tgz#6a31f88a4bad6c7adda253de12ba4edaea80ebcd"
  integrity sha512-SxToR7P8Y2lWmv/kTzVLC1t/GDI2WGjMwNhLLE9qtH8Q13C+aEmuRlzDst4Up4s0Wc8sF2M+J57iB3cMLqftfg==
  dependencies:
    fast-diff "^1.1.2"

prettier@^3.8.1:
  version "3.8.1"
  resolved "https://registry.yarnpkg.com/prettier/-/prettier-3.8.1.tgz#edf48977cf991558f4fcbd8a3ba6015ba2a3a173"
  integrity sha512-UOnG6LftzbdaHZcKoPFtOcCKztrQ57WkHDeRD9t/PTQtmT0NHSeWWepj6pS0z/N7+08BHFDQVUrfmfMRcZwbMg==

synckit@^0.11.12:
  version "0.11.12"
  resolved "https://registry.yarnpkg.com/synckit/-/synckit-0.11.12.tgz#abe74124264fbc00a48011b0d98bdc1cffb64a7b"
  integrity sha512-Bh7QjT8/SuKUIfObSXNHNSK6WHo6J1tHCqJsuaFDP7gP0fkzSfTxI8y85JrppZ0h8l0maIgc2tfuZQ6/t3GtnQ==
  dependencies:
    "@pkgr/core" "^0.2.9"
